
Microsoft Visual Studio Solution File, Format Version 12.00
# Visual Studio Version 16
VisualStudioVersion = 16.0.32106.194
MinimumVisualStudioVersion = 10.0.40219.1
Project("{FAE04EC0-301F-11D3-BF4B-00C04F79EFBC}") = "CIS580_Project", "CIS580_Project\CIS580_Project.csproj", "{5D0EA5B5-D98B-434E-AE01-46F0A774F389}"
EndProject
Global
	GlobalSection(SolutionConfigurationPlatforms) = preSolution
		Debug|Any CPU = Debug|Any CPU
		Release|Any CPU = Release|Any CPU
	EndGlobalSection
	GlobalSection(ProjectConfigurationPlatforms) = postSolution
		{5D0EA5B5-D98B-434E-AE01-46F0A774F389}.Debug|Any CPU.ActiveCfg = Debug|Any CPU
		{5D0EA5B5-D98B-434E-AE01-46F0A774F389}.Debug|Any CPU.Build.0 = Debug|Any CPU
		{5D0EA5B5-D98B-434E-AE01-46F0A774F389}.Release|Any CPU.ActiveCfg = Release|Any CPU
		{5D0EA5B5-D98B-434E-AE01-46F0A774F389}.Release|Any CPU.Build.0 = Release|Any CPU
	EndGlobalSection
	GlobalSection(SolutionProperties) = preSolution
		HideSolutionNode = FALSE
	EndGlobalSection
	GlobalSection(ExtensibilityGlobals) = postSolution
		SolutionGuid = {7DB2A0BB-8E6E-479D-BF40-4943E5667FE3}
	EndGlobalSection
EndGlobal
